
Microsoft Visual Studio Solution File, Format Version 12.00
# Visual Studio 15
Project("{FAE04EC0-301F-11D3-BF4B-00C04F79EFBC}") = "BurgerMonkeys.Tools", "BurgerMonkeys.Tools\BurgerMonkeys.Tools.csproj", "{FED72116-96F6-4E0B-A652-A1AB1C67A7EF}"
EndProject
Project("{FAE04EC0-301F-11D3-BF4B-00C04F79EFBC}") = "BurgerMonkeys.Tools.Test", "BurgerMonkeys.Tools.Test\BurgerMonkeys.Tools.Test.csproj", "{F6DF8717-FD42-41EF-B5C1-D1D48E8D4487}"
EndProject
Global
	GlobalSection(SolutionConfigurationPlatforms) = preSolution
		Debug|Any CPU = Debug|Any CPU
		Release|Any CPU = Release|Any CPU
	EndGlobalSection
	GlobalSection(ProjectConfigurationPlatforms) = postSolution
		{FED72116-96F6-4E0B-A652-A1AB1C67A7EF}.Debug|Any CPU.ActiveCfg = Debug|Any CPU
		{FED72116-96F6-4E0B-A652-A1AB1C67A7EF}.Debug|Any CPU.Build.0 = Debug|Any CPU
		{FED72116-96F6-4E0B-A652-A1AB1C67A7EF}.Release|Any CPU.ActiveCfg = Release|Any CPU
		{FED72116-96F6-4E0B-A652-A1AB1C67A7EF}.Release|Any CPU.Build.0 = Release|Any CPU
		{F6DF8717-FD42-41EF-B5C1-D1D48E8D4487}.Debug|Any CPU.ActiveCfg = Debug|Any CPU
		{F6DF8717-FD42-41EF-B5C1-D1D48E8D4487}.Debug|Any CPU.Build.0 = Debug|Any CPU
		{F6DF8717-FD42-41EF-B5C1-D1D48E8D4487}.Release|Any CPU.ActiveCfg = Release|Any CPU
		{F6DF8717-FD42-41EF-B5C1-D1D48E8D4487}.Release|Any CPU.Build.0 = Release|Any CPU
	EndGlobalSection
EndGlobal
